
Microsoft Visual Studio Solution File, Format Version 11.00
# Visual Studio 2010
Project("{F088123C-0E9E-452A-89E6-6BA2F21D5CAC}") = "ClassDiagram", "ClassDiagram\ClassDiagram.modelproj", "{9CD53E69-D157-4188-ADC4-68E079FFA65C}"
EndProject
Project("{8BC9CEB8-8B4A-11D0-8D11-00A0C91BC942}") = "MusicPlayer", "MusicPlayer\MusicPlayer.vcxproj", "{4222C935-F00F-4862-B1D9-C41D437180EE}"
EndProject
Global
	GlobalSection(SolutionConfigurationPlatforms) = preSolution
		Debug|Any CPU = Debug|Any CPU
		Debug|Mixed Platforms = Debug|Mixed Platforms
		Debug|Win32 = Debug|Win32
		Release|Any CPU = Release|Any CPU
		Release|Mixed Platforms = Release|Mixed Platforms
		Release|Win32 = Release|Win32
	EndGlobalSection
	GlobalSection(ProjectConfigurationPlatforms) = postSolution
		{9CD53E69-D157-4188-ADC4-68E079FFA65C}.Debug|Any CPU.ActiveCfg = Debug|Any CPU
		{9CD53E69-D157-4188-ADC4-68E079FFA65C}.Debug|Any CPU.Build.0 = Debug|Any CPU
		{9CD53E69-D157-4188-ADC4-68E079FFA65C}.Debug|Mixed Platforms.ActiveCfg = Debug|Any CPU
		{9CD53E69-D157-4188-ADC4-68E079FFA65C}.Debug|Mixed Platforms.Build.0 = Debug|Any CPU
		{9CD53E69-D157-4188-ADC4-68E079FFA65C}.Debug|Win32.ActiveCfg = Debug|Any CPU
		{9CD53E69-D157-4188-ADC4-68E079FFA65C}.Release|Any CPU.ActiveCfg = Release|Any CPU
		{9CD53E69-D157-4188-ADC4-68E079FFA65C}.Release|Any CPU.Build.0 = Release|Any CPU
		{9CD53E69-D157-4188-ADC4-68E079FFA65C}.Release|Mixed Platforms.ActiveCfg = Release|Any CPU
		{9CD53E69-D157-4188-ADC4-68E079FFA65C}.Release|Mixed Platforms.Build.0 = Release|Any CPU
		{9CD53E69-D157-4188-ADC4-68E079FFA65C}.Release|Win32.ActiveCfg = Release|Any CPU
		{4222C935-F00F-4862-B1D9-C41D437180EE}.Debug|Any CPU.ActiveCfg = Debug|Win32
		{4222C935-F00F-4862-B1D9-C41D437180EE}.Debug|Mixed Platforms.ActiveCfg = Debug|Win32
		{4222C935-F00F-4862-B1D9-C41D437180EE}.Debug|Mixed Platforms.Build.0 = Debug|Win32
		{4222C935-F00F-4862-B1D9-C41D437180EE}.Debug|Win32.ActiveCfg = Debug|Win32
		{4222C935-F00F-4862-B1D9-C41D437180EE}.Debug|Win32.Build.0 = Debug|Win32
		{4222C935-F00F-4862-B1D9-C41D437180EE}.Release|Any CPU.ActiveCfg = Release|Win32
		{4222C935-F00F-4862-B1D9-C41D437180EE}.Release|Mixed Platforms.ActiveCfg = Release|Win32
		{4222C935-F00F-4862-B1D9-C41D437180EE}.Release|Mixed Platforms.Build.0 = Release|Win32
		{4222C935-F00F-4862-B1D9-C41D437180EE}.Release|Win32.ActiveCfg = Release|Win32
		{4222C935-F00F-4862-B1D9-C41D437180EE}.Release|Win32.Build.0 = Release|Win32
	EndGlobalSection
	GlobalSection(SolutionProperties) = preSolution
		HideSolutionNode = FALSE
	EndGlobalSection
EndGlobal
